
Microsoft Visual Studio Solution File, Format Version 12.00
# Visual Studio Version 16
VisualStudioVersion = 16.0.29411.138
MinimumVisualStudioVersion = 10.0.40219.1
Project("{FAE04EC0-301F-11D3-BF4B-00C04F79EFBC}") = "Assembly-CSharp", "Assembly-CSharp.csproj", "{68464234-9895-0DBA-3887-D611AA495285}"
EndProject
Project("{FAE04EC0-301F-11D3-BF4B-00C04F79EFBC}") = "Assembly-CSharp-Editor", "Assembly-CSharp-Editor.csproj", "{C434C810-3E15-07D0-F818-0A23FB211F0A}"
EndProject
Global
	GlobalSection(SolutionConfigurationPlatforms) = preSolution
		Debug|Any CPU = Debug|Any CPU
		Release|Any CPU = Release|Any CPU
	EndGlobalSection
	GlobalSection(ProjectConfigurationPlatforms) = postSolution
		{68464234-9895-0DBA-3887-D611AA495285}.Debug|Any CPU.ActiveCfg = Debug|Any CPU
		{68464234-9895-0DBA-3887-D611AA495285}.Debug|Any CPU.Build.0 = Debug|Any CPU
		{68464234-9895-0DBA-3887-D611AA495285}.Release|Any CPU.ActiveCfg = Release|Any CPU
		{68464234-9895-0DBA-3887-D611AA495285}.Release|Any CPU.Build.0 = Release|Any CPU
		{C434C810-3E15-07D0-F818-0A23FB211F0A}.Debug|Any CPU.ActiveCfg = Debug|Any CPU
		{C434C810-3E15-07D0-F818-0A23FB211F0A}.Debug|Any CPU.Build.0 = Debug|Any CPU
		{C434C810-3E15-07D0-F818-0A23FB211F0A}.Release|Any CPU.ActiveCfg = Release|Any CPU
		{C434C810-3E15-07D0-F818-0A23FB211F0A}.Release|Any CPU.Build.0 = Release|Any CPU
	EndGlobalSection
	GlobalSection(SolutionProperties) = preSolution
		HideSolutionNode = FALSE
	EndGlobalSection
	GlobalSection(ExtensibilityGlobals) = postSolution
		SolutionGuid = {1738ECCB-3C21-4902-B9BF-25BB3DB94570}
	EndGlobalSection
EndGlobal
