
Microsoft Visual Studio Solution File, Format Version 12.00
# Visual Studio 15
Project("{FAE04EC0-301F-11D3-BF4B-00C04F79EFBC}") = "Assembly-CSharp", "Assembly-CSharp.csproj", "{681909D4-E8C2-A846-7AA4-1DE809DC00E8}"
EndProject
Project("{FAE04EC0-301F-11D3-BF4B-00C04F79EFBC}") = "Assembly-CSharp-Editor", "Assembly-CSharp-Editor.csproj", "{5AC48505-F251-3F9E-B90F-C01DBE1BB272}"
EndProject
Global
	GlobalSection(SolutionConfigurationPlatforms) = preSolution
		Debug|Any CPU = Debug|Any CPU
		Release|Any CPU = Release|Any CPU
	EndGlobalSection
	GlobalSection(ProjectConfigurationPlatforms) = postSolution
		{681909D4-E8C2-A846-7AA4-1DE809DC00E8}.Debug|Any CPU.ActiveCfg = Debug|Any CPU
		{681909D4-E8C2-A846-7AA4-1DE809DC00E8}.Debug|Any CPU.Build.0 = Debug|Any CPU
		{681909D4-E8C2-A846-7AA4-1DE809DC00E8}.Release|Any CPU.ActiveCfg = Release|Any CPU
		{681909D4-E8C2-A846-7AA4-1DE809DC00E8}.Release|Any CPU.Build.0 = Release|Any CPU
		{5AC48505-F251-3F9E-B90F-C01DBE1BB272}.Debug|Any CPU.ActiveCfg = Debug|Any CPU
		{5AC48505-F251-3F9E-B90F-C01DBE1BB272}.Debug|Any CPU.Build.0 = Debug|Any CPU
		{5AC48505-F251-3F9E-B90F-C01DBE1BB272}.Release|Any CPU.ActiveCfg = Release|Any CPU
		{5AC48505-F251-3F9E-B90F-C01DBE1BB272}.Release|Any CPU.Build.0 = Release|Any CPU
	EndGlobalSection
	GlobalSection(SolutionProperties) = preSolution
		HideSolutionNode = FALSE
	EndGlobalSection
EndGlobal
